
Microsoft Visual Studio Solution File, Format Version 12.00
# Visual Studio Version 17
VisualStudioVersion = 17.3.32929.385
MinimumVisualStudioVersion = 10.0.40219.1
Project("{FAE04EC0-301F-11D3-BF4B-00C04F79EFBC}") = "DotNetCore.Console", "DotNetCore.Console\DotNetCore.Console.csproj", "{69040292-07D6-4AFB-A3EA-D7DB473330EC}"
EndProject
Project("{FAE04EC0-301F-11D3-BF4B-00C04F79EFBC}") = "DotNetCore.XUnitTestes", "DotNetCore.XUnitTestes\DotNetCore.XUnitTestes.csproj", "{AA1DADA9-E4C0-4B10-B900-6B520EA92487}"
EndProject
Project("{9A19103F-16F7-4668-BE54-9A1E7A4F7556}") = "DotNetCore.WebAppRazorPages", "DotNetCore.WebAppRazorPages\DotNetCore.WebAppRazorPages.csproj", "{A1BB30DD-C76D-4B3E-9A0A-33CFF2057B74}"
EndProject
Project("{FAE04EC0-301F-11D3-BF4B-00C04F79EFBC}") = "DotNetCore.WebApi", "DotNetCore.WebApi\DotNetCore.WebApi.csproj", "{88E5AE05-DA08-4F7F-8172-73BAC3390C4E}"
EndProject
Project("{2150E333-8FDC-42A3-9474-1A3956D46DE8}") = "A-Common", "A-Common", "{ABAA2561-AD92-47AF-9AE0-BDC368ED36EE}"
EndProject
Project("{2150E333-8FDC-42A3-9474-1A3956D46DE8}") = "B-DataAccess", "B-DataAccess", "{CE32ACF7-E25C-4BDC-B1F0-C58D8F518BC9}"
EndProject
Project("{2150E333-8FDC-42A3-9474-1A3956D46DE8}") = "C-BusinessLogic", "C-BusinessLogic", "{8FDDECEB-4057-4334-A2A6-2CD20DA769EE}"
EndProject
Project("{2150E333-8FDC-42A3-9474-1A3956D46DE8}") = "D-Services", "D-Services", "{DA170590-1BCB-45F3-9FD3-C8044027CA5B}"
EndProject
Project("{2150E333-8FDC-42A3-9474-1A3956D46DE8}") = "E-Presentation", "E-Presentation", "{A790EB09-115F-4A1F-B5B0-FAD7D8754CB9}"
EndProject
Project("{2150E333-8FDC-42A3-9474-1A3956D46DE8}") = "F-Tests", "F-Tests", "{7406BCF4-5790-4FD4-A373-BBEC1D6C0C42}"
EndProject
Project("{FAE04EC0-301F-11D3-BF4B-00C04F79EFBC}") = "DotNetCore.BusinessLogic", "DotNetCore.BusinessLogic\DotNetCore.BusinessLogic.csproj", "{AD5DCDC2-C1DE-4F35-A9C1-581EC25C5979}"
EndProject
Project("{FAE04EC0-301F-11D3-BF4B-00C04F79EFBC}") = "DotNetCore.DataAccess", "DotNetCore.DataAccess\DotNetCore.DataAccess.csproj", "{544F46E9-08FC-4094-810F-A9551095DE13}"
EndProject
Project("{FAE04EC0-301F-11D3-BF4B-00C04F79EFBC}") = "DotNetCore.Common", "DotNetCore.Common\DotNetCore.Common.csproj", "{2515CEC3-756E-43EE-973A-782D6D2CF303}"
EndProject
Global
	GlobalSection(SolutionConfigurationPlatforms) = preSolution
		Debug|Any CPU = Debug|Any CPU
		Release|Any CPU = Release|Any CPU
	EndGlobalSection
	GlobalSection(ProjectConfigurationPlatforms) = postSolution
		{69040292-07D6-4AFB-A3EA-D7DB473330EC}.Debug|Any CPU.ActiveCfg = Debug|Any CPU
		{69040292-07D6-4AFB-A3EA-D7DB473330EC}.Debug|Any CPU.Build.0 = Debug|Any CPU
		{69040292-07D6-4AFB-A3EA-D7DB473330EC}.Release|Any CPU.ActiveCfg = Release|Any CPU
		{69040292-07D6-4AFB-A3EA-D7DB473330EC}.Release|Any CPU.Build.0 = Release|Any CPU
		{AA1DADA9-E4C0-4B10-B900-6B520EA92487}.Debug|Any CPU.ActiveCfg = Debug|Any CPU
		{AA1DADA9-E4C0-4B10-B900-6B520EA92487}.Debug|Any CPU.Build.0 = Debug|Any CPU
		{AA1DADA9-E4C0-4B10-B900-6B520EA92487}.Release|Any CPU.ActiveCfg = Release|Any CPU
		{AA1DADA9-E4C0-4B10-B900-6B520EA92487}.Release|Any CPU.Build.0 = Release|Any CPU
		{A1BB30DD-C76D-4B3E-9A0A-33CFF2057B74}.Debug|Any CPU.ActiveCfg = Debug|Any CPU
		{A1BB30DD-C76D-4B3E-9A0A-33CFF2057B74}.Debug|Any CPU.Build.0 = Debug|Any CPU
		{A1BB30DD-C76D-4B3E-9A0A-33CFF2057B74}.Release|Any CPU.ActiveCfg = Release|Any CPU
		{A1BB30DD-C76D-4B3E-9A0A-33CFF2057B74}.Release|Any CPU.Build.0 = Release|Any CPU
		{88E5AE05-DA08-4F7F-8172-73BAC3390C4E}.Debug|Any CPU.ActiveCfg = Debug|Any CPU
		{88E5AE05-DA08-4F7F-8172-73BAC3390C4E}.Debug|Any CPU.Build.0 = Debug|Any CPU
		{88E5AE05-DA08-4F7F-8172-73BAC3390C4E}.Release|Any CPU.ActiveCfg = Release|Any CPU
		{88E5AE05-DA08-4F7F-8172-73BAC3390C4E}.Release|Any CPU.Build.0 = Release|Any CPU
		{AD5DCDC2-C1DE-4F35-A9C1-581EC25C5979}.Debug|Any CPU.ActiveCfg = Debug|Any CPU
		{AD5DCDC2-C1DE-4F35-A9C1-581EC25C5979}.Debug|Any CPU.Build.0 = Debug|Any CPU
		{AD5DCDC2-C1DE-4F35-A9C1-581EC25C5979}.Release|Any CPU.ActiveCfg = Release|Any CPU
		{AD5DCDC2-C1DE-4F35-A9C1-581EC25C5979}.Release|Any CPU.Build.0 = Release|Any CPU
		{544F46E9-08FC-4094-810F-A9551095DE13}.Debug|Any CPU.ActiveCfg = Debug|Any CPU
		{544F46E9-08FC-4094-810F-A9551095DE13}.Debug|Any CPU.Build.0 = Debug|Any CPU
		{544F46E9-08FC-4094-810F-A9551095DE13}.Release|Any CPU.ActiveCfg = Release|Any CPU
		{544F46E9-08FC-4094-810F-A9551095DE13}.Release|Any CPU.Build.0 = Release|Any CPU
		{2515CEC3-756E-43EE-973A-782D6D2CF303}.Debug|Any CPU.ActiveCfg = Debug|Any CPU
		{2515CEC3-756E-43EE-973A-782D6D2CF303}.Debug|Any CPU.Build.0 = Debug|Any CPU
		{2515CEC3-756E-43EE-973A-782D6D2CF303}.Release|Any CPU.ActiveCfg = Release|Any CPU
		{2515CEC3-756E-43EE-973A-782D6D2CF303}.Release|Any CPU.Build.0 = Release|Any CPU
	EndGlobalSection
	GlobalSection(SolutionProperties) = preSolution
		HideSolutionNode = FALSE
	EndGlobalSection
	GlobalSection(NestedProjects) = preSolution
		{69040292-07D6-4AFB-A3EA-D7DB473330EC} = {A790EB09-115F-4A1F-B5B0-FAD7D8754CB9}
		{AA1DADA9-E4C0-4B10-B900-6B520EA92487} = {7406BCF4-5790-4FD4-A373-BBEC1D6C0C42}
		{A1BB30DD-C76D-4B3E-9A0A-33CFF2057B74} = {A790EB09-115F-4A1F-B5B0-FAD7D8754CB9}
		{88E5AE05-DA08-4F7F-8172-73BAC3390C4E} = {DA170590-1BCB-45F3-9FD3-C8044027CA5B}
		{AD5DCDC2-C1DE-4F35-A9C1-581EC25C5979} = {8FDDECEB-4057-4334-A2A6-2CD20DA769EE}
		{544F46E9-08FC-4094-810F-A9551095DE13} = {CE32ACF7-E25C-4BDC-B1F0-C58D8F518BC9}
		{2515CEC3-756E-43EE-973A-782D6D2CF303} = {ABAA2561-AD92-47AF-9AE0-BDC368ED36EE}
	EndGlobalSection
	GlobalSection(ExtensibilityGlobals) = postSolution
		SolutionGuid = {EF7D6E85-DCCD-4488-803D-077B321096F2}
	EndGlobalSection
EndGlobal
