
Microsoft Visual Studio Solution File, Format Version 12.00
# Visual Studio Version 17
VisualStudioVersion = 17.3.32929.385
MinimumVisualStudioVersion = 10.0.40219.1
Project("{FAE04EC0-301F-11D3-BF4B-00C04F79EFBC}") = "DotNetCore.Console", "DotNetCore.Console\DotNetCore.Console.csproj", "{69040292-07D6-4AFB-A3EA-D7DB473330EC}"
EndProject
Global
	GlobalSection(SolutionConfigurationPlatforms) = preSolution
		Debug|Any CPU = Debug|Any CPU
		Release|Any CPU = Release|Any CPU
	EndGlobalSection
	GlobalSection(ProjectConfigurationPlatforms) = postSolution
		{69040292-07D6-4AFB-A3EA-D7DB473330EC}.Debug|Any CPU.ActiveCfg = Debug|Any CPU
		{69040292-07D6-4AFB-A3EA-D7DB473330EC}.Debug|Any CPU.Build.0 = Debug|Any CPU
		{69040292-07D6-4AFB-A3EA-D7DB473330EC}.Release|Any CPU.ActiveCfg = Release|Any CPU
		{69040292-07D6-4AFB-A3EA-D7DB473330EC}.Release|Any CPU.Build.0 = Release|Any CPU
	EndGlobalSection
	GlobalSection(SolutionProperties) = preSolution
		HideSolutionNode = FALSE
	EndGlobalSection
	GlobalSection(ExtensibilityGlobals) = postSolution
		SolutionGuid = {EF7D6E85-DCCD-4488-803D-077B321096F2}
	EndGlobalSection
EndGlobal
